Microsoft Visual Studio Solution File, Format Version 12.00
# Visual Studio 15
VisualStudioVersion = 15.0.26403.7
MinimumVisualStudioVersion = 15.0.26124.0
Project("{2150E333-8FDC-42A3-9474-1A3956D46DE8}") = "src", "src", "{49E95246-9F52-4CF0-86C8-A7C5FCA0F96E}"
EndProject
Project("{2150E333-8FDC-42A3-9474-1A3956D46DE8}") = "test", "test", "{E099C204-3844-41D5-80EE-9EA2A599E4B8}"
EndProject
Project("{9A19103F-16F7-4668-BE54-9A1E7A4F7556}") = "Ofl.Cloning", "src\Ofl.Cloning\Ofl.Cloning.csproj", "{BF64F819-125E-4956-843F-DD5B4B2FCA4B}"
EndProject
Project("{9A19103F-16F7-4668-BE54-9A1E7A4F7556}") = "Ofl.Cloning.Tests", "test\Ofl.Cloning.Tests\Ofl.Cloning.Tests.csproj", "{8B80CF7D-3FEB-438E-B146-E9C6F2129E3B}"
EndProject
Project("{2150E333-8FDC-42A3-9474-1A3956D46DE8}") = "solution-level items", "solution-level items", "{658300B0-0975-482B-AC0B-2749C6D4F4C8}"
	ProjectSection(SolutionItems) = preProject
		.gitignore = .gitignore
		.gitmodules = .gitmodules
		appveyor.yml = appveyor.yml
		directory.build.props = directory.build.props
		LICENSE = LICENSE
		Ofl.Cloning.sln.DotSettings = Ofl.Cloning.sln.DotSettings
		README.md = README.md
	EndProjectSection
EndProject
Global
	GlobalSection(SolutionConfigurationPlatforms) = preSolution
		Debug|Any CPU = Debug|Any CPU
		Debug|x64 = Debug|x64
		Debug|x86 = Debug|x86
		Release|Any CPU = Release|Any CPU
		Release|x64 = Release|x64
		Release|x86 = Release|x86
	EndGlobalSection
	GlobalSection(ProjectConfigurationPlatforms) = postSolution
		{BF64F819-125E-4956-843F-DD5B4B2FCA4B}.Debug|Any CPU.ActiveCfg = Debug|Any CPU
		{BF64F819-125E-4956-843F-DD5B4B2FCA4B}.Debug|Any CPU.Build.0 = Debug|Any CPU
		{BF64F819-125E-4956-843F-DD5B4B2FCA4B}.Debug|x64.ActiveCfg = Debug|Any CPU
		{BF64F819-125E-4956-843F-DD5B4B2FCA4B}.Debug|x64.Build.0 = Debug|Any CPU
		{BF64F819-125E-4956-843F-DD5B4B2FCA4B}.Debug|x86.ActiveCfg = Debug|Any CPU
		{BF64F819-125E-4956-843F-DD5B4B2FCA4B}.Debug|x86.Build.0 = Debug|Any CPU
		{BF64F819-125E-4956-843F-DD5B4B2FCA4B}.Release|Any CPU.ActiveCfg = Release|Any CPU
		{BF64F819-125E-4956-843F-DD5B4B2FCA4B}.Release|Any CPU.Build.0 = Release|Any CPU
		{BF64F819-125E-4956-843F-DD5B4B2FCA4B}.Release|x64.ActiveCfg = Release|Any CPU
		{BF64F819-125E-4956-843F-DD5B4B2FCA4B}.Release|x64.Build.0 = Release|Any CPU
		{BF64F819-125E-4956-843F-DD5B4B2FCA4B}.Release|x86.ActiveCfg = Release|Any CPU
		{BF64F819-125E-4956-843F-DD5B4B2FCA4B}.Release|x86.Build.0 = Release|Any CPU
		{8B80CF7D-3FEB-438E-B146-E9C6F2129E3B}.Debug|Any CPU.ActiveCfg = Debug|Any CPU
		{8B80CF7D-3FEB-438E-B146-E9C6F2129E3B}.Debug|Any CPU.Build.0 = Debug|Any CPU
		{8B80CF7D-3FEB-438E-B146-E9C6F2129E3B}.Debug|x64.ActiveCfg = Debug|Any CPU
		{8B80CF7D-3FEB-438E-B146-E9C6F2129E3B}.Debug|x64.Build.0 = Debug|Any CPU
		{8B80CF7D-3FEB-438E-B146-E9C6F2129E3B}.Debug|x86.ActiveCfg = Debug|Any CPU
		{8B80CF7D-3FEB-438E-B146-E9C6F2129E3B}.Debug|x86.Build.0 = Debug|Any CPU
		{8B80CF7D-3FEB-438E-B146-E9C6F2129E3B}.Release|Any CPU.ActiveCfg = Release|Any CPU
		{8B80CF7D-3FEB-438E-B146-E9C6F2129E3B}.Release|Any CPU.Build.0 = Release|Any CPU
		{8B80CF7D-3FEB-438E-B146-E9C6F2129E3B}.Release|x64.ActiveCfg = Release|Any CPU
		{8B80CF7D-3FEB-438E-B146-E9C6F2129E3B}.Release|x64.Build.0 = Release|Any CPU
		{8B80CF7D-3FEB-438E-B146-E9C6F2129E3B}.Release|x86.ActiveCfg = Release|Any CPU
		{8B80CF7D-3FEB-438E-B146-E9C6F2129E3B}.Release|x86.Build.0 = Release|Any CPU
	EndGlobalSection
	GlobalSection(SolutionProperties) = preSolution
		HideSolutionNode = FALSE
	EndGlobalSection
	GlobalSection(NestedProjects) = preSolution
		{BF64F819-125E-4956-843F-DD5B4B2FCA4B} = {49E95246-9F52-4CF0-86C8-A7C5FCA0F96E}
		{8B80CF7D-3FEB-438E-B146-E9C6F2129E3B} = {E099C204-3844-41D5-80EE-9EA2A599E4B8}
	EndGlobalSection
	GlobalSection(ExtensibilityGlobals) = postSolution
		SolutionGuid = {A6037839-3E21-417A-8446-B98CEA28DAB8}
	EndGlobalSection
EndGlobal
